
Microsoft Visual Studio Solution File, Format Version 12.00
# Visual Studio Version 16
VisualStudioVersion = 25.0.1700.0
MinimumVisualStudioVersion = 10.0.40219.1
Project("{FAE04EC0-301F-11D3-BF4B-00C04F79EFBC}") = "drawio_from_csharp", "drawio_from_csharp.csproj", "{8F40E19F-B620-4D3F-A0B8-B57F20304B05}"
EndProject
Global
	GlobalSection(SolutionConfigurationPlatforms) = preSolution
		Debug|Any CPU = Debug|Any CPU
		Release|Any CPU = Release|Any CPU
	EndGlobalSection
	GlobalSection(ProjectConfigurationPlatforms) = postSolution
		{8F40E19F-B620-4D3F-A0B8-B57F20304B05}.Debug|Any CPU.ActiveCfg = Debug|Any CPU
		{8F40E19F-B620-4D3F-A0B8-B57F20304B05}.Debug|Any CPU.Build.0 = Debug|Any CPU
		{8F40E19F-B620-4D3F-A0B8-B57F20304B05}.Release|Any CPU.ActiveCfg = Release|Any CPU
		{8F40E19F-B620-4D3F-A0B8-B57F20304B05}.Release|Any CPU.Build.0 = Release|Any CPU
	EndGlobalSection
	GlobalSection(SolutionProperties) = preSolution
		HideSolutionNode = FALSE
	EndGlobalSection
	GlobalSection(ExtensibilityGlobals) = postSolution
		SolutionGuid = {B847189C-1CFC-4658-ADE2-D95AE93B475A}
	EndGlobalSection
EndGlobal
